{
  "name": "ms2",
  "version": "1.0.0",
  "lockfileVersion": 3,
  "requires": true,
  "packages": {
    "": {
      "name": "ms2",
      "version": "1.0.0",
      "license": "ISC"
    },
    "../../../../../../../libs/nats-micro-js": {
      "extraneous": true
    },
    "../../../../../../../libs/openTelemetry": {
      "extraneous": true
    },
    "../../../libs/nats-micro-js": {
      "name": "nats-micro",
      "version": "0.23.0",
      "extraneous": true,
      "license": "ISC",
      "dependencies": {
        "debug-threads-ns": "^0.2.3",
        "errio": "^1.2.2",
        "fast-safe-stringify": "^2.1.1",
        "moment": "^2.29.4",
        "nanoid": "^3.3.5",
        "nats": "^2.16.0",
        "zod": "^3.22.2",
        "zod-to-json-schema": "^3.21.4"
      },
      "devDependencies": {
        "@types/chai": "^4.2.11",
        "@types/chai-as-promised": "^7.1.2",
        "@types/chai-subset": "^1.3.3",
        "@types/mocha": "^10.0.1",
        "@types/node": "^13.13.52",
        "@types/sinon": "^9.0.4",
        "@typescript-eslint/eslint-plugin": "^5.60.1",
        "@typescript-eslint/parser": "^5.60.1",
        "c8": "^8.0.1",
        "chai": "^4.2.0",
        "chai-as-promised": "^7.1.1",
        "chai-subset": "^1.6.0",
        "clean-package": "^2.2.0",
        "coverage-badge-creator": "^1.0.18",
        "eslint": "^8.34.0",
        "eslint-config-airbnb-base": "^15.0.0",
        "eslint-import-resolver-lerna": "^2.0.0",
        "eslint-import-resolver-typescript": "^2.4.0",
        "eslint-plugin-chai-friendly": "^0.6.0",
        "eslint-plugin-i18next": "^6.0.0-2",
        "eslint-plugin-import": "^2.27.5",
        "eslint-plugin-jest": "^23.8.0",
        "eslint-plugin-jsx-a11y": "^6.2.3",
        "eslint-plugin-mocha": "^10.1.0",
        "knip": "^2.14.3",
        "lerna": "^6.6.2",
        "mocha": "^10.2.0",
        "mocha-each": "^2.0.1",
        "mocha-junit-reporter": "^2.0.2",
        "mocha-multi-reporters": "^1.5.1",
        "nyc": "^15.1.0",
        "sinon": "^9.0.2",
        "ts-mocha": "^10.0.0",
        "ts-node": "^10.9.1",
        "typescript": "^4.9.5"
      }
    },
    "../../../libs/openTelemetry": {
      "name": "opentelemetry",
      "version": "1.0.0",
      "extraneous": true,
      "license": "ISC",
      "dependencies": {
        "@opentelemetry/api": "^1.6.0",
        "@opentelemetry/exporter-trace-otlp-proto": "^0.44.0",
        "@opentelemetry/resources": "^1.17.1",
        "@opentelemetry/sdk-node": "^0.44.0",
        "@opentelemetry/sdk-trace-node": "^1.17.1",
        "@opentelemetry/semantic-conventions": "^1.17.1",
        "acorn": "^8.11.2",
        "acorn-import-assertions": "^1.9.0",
        "ansi-color": "^0.2.1",
        "ansi-regex": "^5.0.1",
        "ansi-styles": "^4.3.0",
        "bufrw": "^1.4.0",
        "cjs-module-lexer": "^1.2.3",
        "cliui": "^8.0.1",
        "color-convert": "^2.0.1",
        "color-name": "^1.1.4",
        "debug": "^4.3.4",
        "debug-level": "^3.1.2",
        "emoji-regex": "^8.0.0",
        "error": "^7.0.2",
        "escalade": "^3.1.1",
        "function-bind": "^1.1.2",
        "get-caller-file": "^2.0.5",
        "hasown": "^2.0.0",
        "hexer": "^1.5.0",
        "import-in-the-middle": "^1.4.2",
        "is-core-module": "^2.13.1",
        "is-fullwidth-code-point": "^3.0.0",
        "jaeger-client": "^3.19.0",
        "lodash.camelcase": "^4.3.0",
        "lodash.merge": "^4.6.2",
        "long": "^5.2.3",
        "lru-cache": "^6.0.0",
        "minimist": "^1.2.8",
        "module-details-from-path": "^1.0.3",
        "ms": "^2.1.2",
        "node-int64": "^0.4.0",
        "nyc": "^15.1.0",
        "opentracing": "^0.14.7",
        "path-parse": "^1.0.7",
        "process": "^0.10.1",
        "protobufjs": "^7.2.5",
        "require-directory": "^2.1.1",
        "require-in-the-middle": "^7.2.0",
        "resolve": "^1.22.8",
        "semver": "^7.5.4",
        "shimmer": "^1.2.1",
        "string-template": "^0.2.1",
        "string-width": "^4.2.3",
        "strip-ansi": "^6.0.1",
        "supports-preserve-symlinks-flag": "^1.0.0",
        "thriftrw": "^3.11.4",
        "undici-types": "^5.26.5",
        "uuid": "^8.3.2",
        "wrap-ansi": "^7.0.0",
        "xorshift": "^1.2.0",
        "xtend": "^4.0.2",
        "y18n": "^5.0.8",
        "yallist": "^4.0.0",
        "yargs": "^17.7.2",
        "yargs-parser": "^21.1.1"
      },
      "devDependencies": {
        "@types/chai": "^4.3.9",
        "@types/debug": "^4.1.10",
        "@types/mocha": "^10.0.3",
        "@types/node": "^20.8.10",
        "@types/sinon": "^17.0.0",
        "@typescript-eslint/eslint-plugin": "^6.10.0",
        "@typescript-eslint/parser": "^6.10.0",
        "chai": "^4.3.10",
        "eslint": "^8.52.0",
        "eslint-config-airbnb-base": "^15.0.0",
        "eslint-import-resolver-typescript": "^3.6.1",
        "eslint-plugin-chai-friendly": "^0.7.2",
        "eslint-plugin-i18next": "^6.0.3",
        "eslint-plugin-import": "^2.29.0",
        "eslint-plugin-jest": "^27.6.0",
        "eslint-plugin-jsx-a11y": "^6.8.0",
        "eslint-plugin-mocha": "^10.2.0",
        "eslint-plugin-prettier": "^5.0.1",
        "mocha": "^10.2.0",
        "mocha-junit-reporter": "^2.2.1",
        "mocha-multi-reporters": "^1.5.1",
        "prettier": "^3.0.3",
        "sinon": "^17.0.1",
        "ts-mocha": "^10.0.0",
        "typescript": "^5.2.2"
      },
      "engines": {
        "node": "=18.15.0 || =16.19.1"
      }
    }
  }
}
